
Microsoft Visual Studio Solution File, Format Version 12.00
# Visual Studio Version 16
VisualStudioVersion = 16.0.29306.81
MinimumVisualStudioVersion = 10.0.40219.1
Project("{FAE04EC0-301F-11D3-BF4B-00C04F79EFBC}") = "HotelOccupancy2", "HotelOccupancy2.csproj", "{5D164835-E96E-4908-9438-2DBBAEEAD122}"
EndProject
Project("{FAE04EC0-301F-11D3-BF4B-00C04F79EFBC}") = "HotelOccupancy.Admin", "..\HotelOccupancy.Admin\HotelOccupancy.Admin.csproj", "{8F2285F0-0734-4197-ADB4-17837BD4B370}"
EndProject
Global
	GlobalSection(SolutionConfigurationPlatforms) = preSolution
		Debug|Any CPU = Debug|Any CPU
		Release|Any CPU = Release|Any CPU
	EndGlobalSection
	GlobalSection(ProjectConfigurationPlatforms) = postSolution
		{5D164835-E96E-4908-9438-2DBBAEEAD122}.Debug|Any CPU.ActiveCfg = Debug|Any CPU
		{5D164835-E96E-4908-9438-2DBBAEEAD122}.Debug|Any CPU.Build.0 = Debug|Any CPU
		{5D164835-E96E-4908-9438-2DBBAEEAD122}.Release|Any CPU.ActiveCfg = Release|Any CPU
		{5D164835-E96E-4908-9438-2DBBAEEAD122}.Release|Any CPU.Build.0 = Release|Any CPU
		{8F2285F0-0734-4197-ADB4-17837BD4B370}.Debug|Any CPU.ActiveCfg = Debug|Any CPU
		{8F2285F0-0734-4197-ADB4-17837BD4B370}.Debug|Any CPU.Build.0 = Debug|Any CPU
		{8F2285F0-0734-4197-ADB4-17837BD4B370}.Release|Any CPU.ActiveCfg = Release|Any CPU
		{8F2285F0-0734-4197-ADB4-17837BD4B370}.Release|Any CPU.Build.0 = Release|Any CPU
	EndGlobalSection
	GlobalSection(SolutionProperties) = preSolution
		HideSolutionNode = FALSE
	EndGlobalSection
	GlobalSection(ExtensibilityGlobals) = postSolution
		SolutionGuid = {15A4F5B6-85C7-422A-9976-54E014063E69}
	EndGlobalSection
EndGlobal
